
Microsoft Visual Studio Solution File, Format Version 11.00
# Visual Studio 2010
Project("{FAE04EC0-301F-11D3-BF4B-00C04F79EFBC}") = "CRCLibrary", "Extension\CRCLibrary.csproj", "{5618AB0B-8C59-4AAD-83B3-98A0C4107DAB}"
EndProject
Project("{FAE04EC0-301F-11D3-BF4B-00C04F79EFBC}") = "TestCRCLibrary", "TestCRCLibrary\TestCRCLibrary.csproj", "{A8FB3A0B-D15E-4C90-BF7A-D40C8FFCCFF8}"
EndProject
Project("{2150E333-8FDC-42A3-9474-1A3956D46DE8}") = "Solution Items", "Solution Items", "{F9933839-CB0F-4183-9637-241A49F9FD07}"
	ProjectSection(SolutionItems) = preProject
		Library.vsmdi = Library.vsmdi
		Local.testsettings = Local.testsettings
		TraceAndTestImpact.testsettings = TraceAndTestImpact.testsettings
	EndProjectSection
EndProject
Global
	GlobalSection(TestCaseManagementSettings) = postSolution
		CategoryFile = Library.vsmdi
	EndGlobalSection
	GlobalSection(SolutionConfigurationPlatforms) = preSolution
		Debug|Any CPU = Debug|Any CPU
		Release|Any CPU = Release|Any CPU
	EndGlobalSection
	GlobalSection(ProjectConfigurationPlatforms) = postSolution
		{5618AB0B-8C59-4AAD-83B3-98A0C4107DAB}.Debug|Any CPU.ActiveCfg = Debug|Any CPU
		{5618AB0B-8C59-4AAD-83B3-98A0C4107DAB}.Debug|Any CPU.Build.0 = Debug|Any CPU
		{5618AB0B-8C59-4AAD-83B3-98A0C4107DAB}.Release|Any CPU.ActiveCfg = Release|Any CPU
		{5618AB0B-8C59-4AAD-83B3-98A0C4107DAB}.Release|Any CPU.Build.0 = Release|Any CPU
		{A8FB3A0B-D15E-4C90-BF7A-D40C8FFCCFF8}.Debug|Any CPU.ActiveCfg = Debug|Any CPU
		{A8FB3A0B-D15E-4C90-BF7A-D40C8FFCCFF8}.Debug|Any CPU.Build.0 = Debug|Any CPU
		{A8FB3A0B-D15E-4C90-BF7A-D40C8FFCCFF8}.Release|Any CPU.ActiveCfg = Release|Any CPU
		{A8FB3A0B-D15E-4C90-BF7A-D40C8FFCCFF8}.Release|Any CPU.Build.0 = Release|Any CPU
	EndGlobalSection
	GlobalSection(SolutionProperties) = preSolution
		HideSolutionNode = FALSE
	EndGlobalSection
EndGlobal
